
Microsoft Visual Studio Solution File, Format Version 12.00
# Visual Studio 15
VisualStudioVersion = 15.0.27428.2037
MinimumVisualStudioVersion = 10.0.40219.1
Project("{F2A71F9B-5D33-465A-A702-920D77279786}") = "ReactiveCollections", "ReactiveCollections\ReactiveCollections.fsproj", "{D68C243A-797B-4860-96DE-3EDE8FF6AF4D}"
EndProject
Global
	GlobalSection(SolutionConfigurationPlatforms) = preSolution
		Debug|Any CPU = Debug|Any CPU
		Release|Any CPU = Release|Any CPU
	EndGlobalSection
	GlobalSection(ProjectConfigurationPlatforms) = postSolution
		{D68C243A-797B-4860-96DE-3EDE8FF6AF4D}.Debug|Any CPU.ActiveCfg = Debug|Any CPU
		{D68C243A-797B-4860-96DE-3EDE8FF6AF4D}.Debug|Any CPU.Build.0 = Debug|Any CPU
		{D68C243A-797B-4860-96DE-3EDE8FF6AF4D}.Release|Any CPU.ActiveCfg = Release|Any CPU
		{D68C243A-797B-4860-96DE-3EDE8FF6AF4D}.Release|Any CPU.Build.0 = Release|Any CPU
	EndGlobalSection
	GlobalSection(SolutionProperties) = preSolution
		HideSolutionNode = FALSE
	EndGlobalSection
	GlobalSection(ExtensibilityGlobals) = postSolution
		SolutionGuid = {18085DA1-BC53-446F-B04B-A0E8B47B5E8D}
	EndGlobalSection
EndGlobal
